
Microsoft Visual Studio Solution File, Format Version 12.00
# Visual Studio 14
VisualStudioVersion = 14.0.23107.0
MinimumVisualStudioVersion = 10.0.40219.1
Project("{FAE04EC0-301F-11D3-BF4B-00C04F79EFBC}") = "Demo_LinearEquations", "Demo_LinearEquations\Demo_LinearEquations.csproj", "{BFF156B8-03A4-488D-A984-33F99AEB0DB2}"
EndProject
Project("{FAE04EC0-301F-11D3-BF4B-00C04F79EFBC}") = "Coast.Math", "Coast.Math\Coast.Math.csproj", "{121D8792-BAF5-4B25-A758-8A3DBB0FF17C}"
EndProject
Project("{FAE04EC0-301F-11D3-BF4B-00C04F79EFBC}") = "Demo_PlaneFitter", "Demo_PlaneFitter\Demo_PlaneFitter.csproj", "{B6D391CF-A417-4D20-B4EA-1C6E81B344FC}"
EndProject
Project("{FAE04EC0-301F-11D3-BF4B-00C04F79EFBC}") = "Demo_FlatnessCalculation", "Demo_FlatnessCalculation\Demo_FlatnessCalculation.csproj", "{D7C6DA64-D3E0-4209-9576-2CA78B49D3DD}"
EndProject
Global
	GlobalSection(SolutionConfigurationPlatforms) = preSolution
		Debug|Any CPU = Debug|Any CPU
		Release|Any CPU = Release|Any CPU
	EndGlobalSection
	GlobalSection(ProjectConfigurationPlatforms) = postSolution
		{BFF156B8-03A4-488D-A984-33F99AEB0DB2}.Debug|Any CPU.ActiveCfg = Debug|Any CPU
		{BFF156B8-03A4-488D-A984-33F99AEB0DB2}.Debug|Any CPU.Build.0 = Debug|Any CPU
		{BFF156B8-03A4-488D-A984-33F99AEB0DB2}.Release|Any CPU.ActiveCfg = Release|Any CPU
		{BFF156B8-03A4-488D-A984-33F99AEB0DB2}.Release|Any CPU.Build.0 = Release|Any CPU
		{121D8792-BAF5-4B25-A758-8A3DBB0FF17C}.Debug|Any CPU.ActiveCfg = Debug|Any CPU
		{121D8792-BAF5-4B25-A758-8A3DBB0FF17C}.Debug|Any CPU.Build.0 = Debug|Any CPU
		{121D8792-BAF5-4B25-A758-8A3DBB0FF17C}.Release|Any CPU.ActiveCfg = Release|Any CPU
		{121D8792-BAF5-4B25-A758-8A3DBB0FF17C}.Release|Any CPU.Build.0 = Release|Any CPU
		{B6D391CF-A417-4D20-B4EA-1C6E81B344FC}.Debug|Any CPU.ActiveCfg = Debug|Any CPU
		{B6D391CF-A417-4D20-B4EA-1C6E81B344FC}.Debug|Any CPU.Build.0 = Debug|Any CPU
		{B6D391CF-A417-4D20-B4EA-1C6E81B344FC}.Release|Any CPU.ActiveCfg = Release|Any CPU
		{B6D391CF-A417-4D20-B4EA-1C6E81B344FC}.Release|Any CPU.Build.0 = Release|Any CPU
		{D7C6DA64-D3E0-4209-9576-2CA78B49D3DD}.Debug|Any CPU.ActiveCfg = Debug|Any CPU
		{D7C6DA64-D3E0-4209-9576-2CA78B49D3DD}.Debug|Any CPU.Build.0 = Debug|Any CPU
		{D7C6DA64-D3E0-4209-9576-2CA78B49D3DD}.Release|Any CPU.ActiveCfg = Release|Any CPU
		{D7C6DA64-D3E0-4209-9576-2CA78B49D3DD}.Release|Any CPU.Build.0 = Release|Any CPU
	EndGlobalSection
	GlobalSection(SolutionProperties) = preSolution
		HideSolutionNode = FALSE
	EndGlobalSection
EndGlobal
